{
  "name": "@misty/backend-tooling",
  "version": "0.1.0",
  "lockfileVersion": 3,
  "requires": true,
  "packages": {
    "": {
      "name": "@misty/backend-tooling",
      "version": "0.1.0",
      "dependencies": {
        "@misty/contracts": "file:third-party/misty-contracts"
      }
    },
    "node_modules/@misty/contracts": {
      "resolved": "third-party/misty-contracts",
      "link": true
    },
    "node_modules/zod": {
      "version": "4.4.3",
      "resolved": "https://registry.npmjs.org/zod/-/zod-4.4.3.tgz",
      "integrity": "sha512-ytENFjIJFl2UwYglde2jchW2Hwm4GJFLDiSXWdTrJQBIN9Fcyp7n4DhxJEiWNAJMV1/BqWfW/kkg71UDcHJyTQ==",
      "license": "MIT",
      "funding": {
        "url": "https://github.com/sponsors/colinhacks"
      }
    },
    "third-party/misty-contracts": {
      "name": "@misty/contracts",
      "version": "0.1.0",
      "dependencies": {
        "zod": "4.4.3"
      }
    }
  }
}
